// !$*UTF8*$!
{
	archiveVersion = 1;
	classes = {
	};
	objectVersion = 46;
	objects = {

/* Begin PBXBuildFile section */
		1394A20416B72AD000192439 /* Cocoa.framework in Frameworks */ = {isa = PBXBuildFile; fileRef = 1394A20316B72AD000192439 /* Cocoa.framework */; };
		1394A20E16B72AD000192439 /* InfoPlist.strings in Resources */ = {isa = PBXBuildFile; fileRef = 1394A20C16B72AD000192439 /* InfoPlist.strings */; };
		1394A21016B72AD000192439 /* main.m in Sources */ = {isa = PBXBuildFile; fileRef = 1394A20F16B72AD000192439 /* main.m */; };
		1394A21416B72AD000192439 /* Credits.rtf in Resources */ = {isa = PBXBuildFile; fileRef = 1394A21216B72AD000192439 /* Credits.rtf */; };
		1394A21716B72AD000192439 /* AppDelegate.m in Sources */ = {isa = PBXBuildFile; fileRef = 1394A21616B72AD000192439 /* AppDelegate.m */; };
		1394A21A16B72AD000192439 /* MainMenu.xib in Resources */ = {isa = PBXBuildFile; fileRef = 1394A21816B72AD000192439 /* MainMenu.xib */; };
		1394A25516B732F800192439 /* GestureListener.m in Sources */ = {isa = PBXBuildFile; fileRef = 1394A23816B72AE300192439 /* GestureListener.m */; };
		1394A26416B84EA600192439 /* LeapObjectiveC.mm in Sources */ = {isa = PBXBuildFile; fileRef = 1394A26216B84EA600192439 /* LeapObjectiveC.mm */; };
		1394A26716B8577F00192439 /* Gesture.m in Sources */ = {isa = PBXBuildFile; fileRef = 1394A26616B8577F00192439 /* Gesture.m */; };
		13F4E47516B9B99D008A816C /* EventKit.framework in Frameworks */ = {isa = PBXBuildFile; fileRef = 13F4E47416B9B99D008A816C /* EventKit.framework */; };
		13F4E47E16C06BB3008A816C /* hand.png in Resources */ = {isa = PBXBuildFile; fileRef = 13F4E47D16C06BB3008A816C /* hand.png */; };
		4E85863816CA52F000ABBD49 /* libLeap.dylib in Frameworks */ = {isa = PBXBuildFile; fileRef = 4E85863616CA52F000ABBD49 /* libLeap.dylib */; };
		4E85863916CA52F000ABBD49 /* libLeap.dylib in Frameworks */ = {isa = PBXBuildFile; fileRef = 4E85863716CA52F000ABBD49 /* libLeap.dylib */; };
		4E85863A16CA52FF00ABBD49 /* libLeap.dylib in Resources */ = {isa = PBXBuildFile; fileRef = 4E85863716CA52F000ABBD49 /* libLeap.dylib */; };
/* End PBXBuildFile section */

/* Begin PBXFileReference section */
		1394A1FF16B72AD000192439 /* OSXGestureControl.app */ = {isa = PBXFileReference; explicitFileType = wrapper.application; includeInIndex = 0; path = OSXGestureControl.app; sourceTree = BUILT_PRODUCTS_DIR; };
		1394A20316B72AD000192439 /* Cocoa.framework */ = {isa = PBXFileReference; lastKnownFileType = wrapper.framework; name = Cocoa.framework; path = System/Library/Frameworks/Cocoa.framework; sourceTree = SDKROOT; };
		1394A20616B72AD000192439 /* AppKit.framework */ = {isa = PBXFileReference; lastKnownFileType = wrapper.framework; name = AppKit.framework; path = System/Library/Frameworks/AppKit.framework; sourceTree = SDKROOT; };
		1394A20716B72AD000192439 /* CoreData.framework */ = {isa = PBXFileReference; lastKnownFileType = wrapper.framework; name = CoreData.framework; path = System/Library/Frameworks/CoreData.framework; sourceTree = SDKROOT; };
		1394A20816B72AD000192439 /* Foundation.framework */ = {isa = PBXFileReference; lastKnownFileType = wrapper.framework; name = Foundation.framework; path = System/Library/Frameworks/Foundation.framework; sourceTree = SDKROOT; };
		1394A20B16B72AD000192439 /* OSXGestureControl-Info.plist */ = {isa = PBXFileReference; lastKnownFileType = text.plist.xml; path = "OSXGestureControl-Info.plist"; sourceTree = "<group>"; };
		1394A20D16B72AD000192439 /* en */ = {isa = PBXFileReference; lastKnownFileType = text.plist.strings; name = en; path = en.lproj/InfoPlist.strings; sourceTree = "<group>"; };
		1394A20F16B72AD000192439 /* main.m */ = {isa = PBXFileReference; lastKnownFileType = sourcecode.c.objc; path = main.m; sourceTree = "<group>"; };
		1394A21116B72AD000192439 /* OSXGestureControl-Prefix.pch */ = {isa = PBXFileReference; lastKnownFileType = sourcecode.c.h; path = "OSXGestureControl-Prefix.pch"; sourceTree = "<group>"; };
		1394A21316B72AD000192439 /* en */ = {isa = PBXFileReference; lastKnownFileType = text.rtf; name = en; path = en.lproj/Credits.rtf; sourceTree = "<group>"; };
		1394A21516B72AD000192439 /* AppDelegate.h */ = {isa = PBXFileReference; lastKnownFileType = sourcecode.c.h; name = AppDelegate.h; path = GestureController/AppDelegate.h; sourceTree = "<group>"; };
		1394A21616B72AD000192439 /* AppDelegate.m */ = {isa = PBXFileReference; lastKnownFileType = sourcecode.c.objc; name = AppDelegate.m; path = GestureController/AppDelegate.m; sourceTree = "<group>"; };
		1394A21916B72AD000192439 /* en */ = {isa = PBXFileReference; lastKnownFileType = file.xib; name = en; path = en.lproj/MainMenu.xib; sourceTree = "<group>"; };
		1394A22116B72AD000192439 /* SenTestingKit.framework */ = {isa = PBXFileReference; lastKnownFileType = wrapper.framework; name = SenTestingKit.framework; path = Library/Frameworks/SenTestingKit.framework; sourceTree = DEVELOPER_DIR; };
		1394A23716B72AE300192439 /* GestureListener.h */ = {isa = PBXFileReference; fileEncoding = 4; lastKnownFileType = sourcecode.c.h; name = GestureListener.h; path = GestureController/GestureListener.h; sourceTree = "<group>"; };
		1394A23816B72AE300192439 /* GestureListener.m */ = {isa = PBXFileReference; fileEncoding = 4; lastKnownFileType = sourcecode.c.objc; name = GestureListener.m; path = GestureController/GestureListener.m; sourceTree = "<group>"; };
		1394A25E16B84EA600192439 /* Leap.h */ = {isa = PBXFileReference; fileEncoding = 4; lastKnownFileType = sourcecode.c.h; path = Leap.h; sourceTree = "<group>"; };
		1394A26016B84EA600192439 /* LeapMath.h */ = {isa = PBXFileReference; fileEncoding = 4; lastKnownFileType = sourcecode.c.h; path = LeapMath.h; sourceTree = "<group>"; };
		1394A26116B84EA600192439 /* LeapObjectiveC.h */ = {isa = PBXFileReference; fileEncoding = 4; lastKnownFileType = sourcecode.c.h; path = LeapObjectiveC.h; sourceTree = "<group>"; };
		1394A26216B84EA600192439 /* LeapObjectiveC.mm */ = {isa = PBXFileReference; fileEncoding = 4; lastKnownFileType = sourcecode.cpp.objcpp; path = LeapObjectiveC.mm; sourceTree = "<group>"; };
		1394A26516B8577F00192439 /* Gesture.h */ = {isa = PBXFileReference; fileEncoding = 4; lastKnownFileType = sourcecode.c.h; name = Gesture.h; path = GestureController/Gesture.h; sourceTree = "<group>"; };
		1394A26616B8577F00192439 /* Gesture.m */ = {isa = PBXFileReference; fileEncoding = 4; lastKnownFileType = sourcecode.c.objc; name = Gesture.m; path = GestureController/Gesture.m; sourceTree = "<group>"; };
		13F4E47416B9B99D008A816C /* EventKit.framework */ = {isa = PBXFileReference; lastKnownFileType = wrapper.framework; name = EventKit.framework; path = System/Library/Frameworks/EventKit.framework; sourceTree = SDKROOT; };
		13F4E47D16C06BB3008A816C /* hand.png */ = {isa = PBXFileReference; lastKnownFileType = image.png; name = hand.png; path = GestureController/hand.png; sourceTree = "<group>"; };
		4E85863616CA52F000ABBD49 /* libLeap.dylib */ = {isa = PBXFileReference; lastKnownFileType = "compiled.mach-o.dylib"; path = libLeap.dylib; sourceTree = "<group>"; };
		4E85863716CA52F000ABBD49 /* libLeap.dylib */ = {isa = PBXFileReference; lastKnownFileType = "compiled.mach-o.dylib"; path = libLeap.dylib; sourceTree = "<group>"; };
/* End PBXFileReference section */

/* Begin PBXFrameworksBuildPhase section */
		1394A1FC16B72AD000192439 /* Frameworks */ = {
			isa = PBXFrameworksBuildPhase;
			buildActionMask = 2147483647;
			files = (
				13F4E47516B9B99D008A816C /* EventKit.framework in Frameworks */,
				1394A20416B72AD000192439 /* Cocoa.framework in Frameworks */,
				4E85863916CA52F000ABBD49 /* libLeap.dylib in Frameworks */,
				4E85863816CA52F000ABBD49 /* libLeap.dylib in Frameworks */,
			);
			runOnlyForDeploymentPostprocessing = 0;
		};
/* End PBXFrameworksBuildPhase section */

/* Begin PBXGroup section */
		1394A1F416B72AD000192439 = {
			isa = PBXGroup;
			children = (
				1394A25D16B84EA600192439 /* include */,
				1394A21516B72AD000192439 /* AppDelegate.h */,
				1394A21616B72AD000192439 /* AppDelegate.m */,
				1394A21816B72AD000192439 /* MainMenu.xib */,
				1394A26516B8577F00192439 /* Gesture.h */,
				1394A26616B8577F00192439 /* Gesture.m */,
				1394A23716B72AE300192439 /* GestureListener.h */,
				1394A23816B72AE300192439 /* GestureListener.m */,
				13F4E47D16C06BB3008A816C /* hand.png */,
				1394A20A16B72AD000192439 /* Supporting Files */,
				13F4E47416B9B99D008A816C /* EventKit.framework */,
				1394A20216B72AD000192439 /* Frameworks */,
				1394A20016B72AD000192439 /* Products */,
			);
			sourceTree = "<group>";
		};
		1394A20016B72AD000192439 /* Products */ = {
			isa = PBXGroup;
			children = (
				1394A1FF16B72AD000192439 /* OSXGestureControl.app */,
			);
			name = Products;
			sourceTree = "<group>";
		};
		1394A20216B72AD000192439 /* Frameworks */ = {
			isa = PBXGroup;
			children = (
				4E85863316CA52F000ABBD49 /* lib */,
				1394A20316B72AD000192439 /* Cocoa.framework */,
				1394A22116B72AD000192439 /* SenTestingKit.framework */,
				1394A20516B72AD000192439 /* Other Frameworks */,
			);
			name = Frameworks;
			sourceTree = "<group>";
		};
		1394A20516B72AD000192439 /* Other Frameworks */ = {
			isa = PBXGroup;
			children = (
				1394A20616B72AD000192439 /* AppKit.framework */,
				1394A20716B72AD000192439 /* CoreData.framework */,
				1394A20816B72AD000192439 /* Foundation.framework */,
			);
			name = "Other Frameworks";
			sourceTree = "<group>";
		};
		1394A20A16B72AD000192439 /* Supporting Files */ = {
			isa = PBXGroup;
			children = (
				1394A20B16B72AD000192439 /* OSXGestureControl-Info.plist */,
				1394A20C16B72AD000192439 /* InfoPlist.strings */,
				1394A20F16B72AD000192439 /* main.m */,
				1394A21116B72AD000192439 /* OSXGestureControl-Prefix.pch */,
				1394A21216B72AD000192439 /* Credits.rtf */,
			);
			name = "Supporting Files";
			path = GestureController;
			sourceTree = "<group>";
		};
		1394A25D16B84EA600192439 /* include */ = {
			isa = PBXGroup;
			children = (
				1394A25E16B84EA600192439 /* Leap.h */,
				1394A26016B84EA600192439 /* LeapMath.h */,
				1394A26116B84EA600192439 /* LeapObjectiveC.h */,
				1394A26216B84EA600192439 /* LeapObjectiveC.mm */,
			);
			name = include;
			path = GestureController/include;
			sourceTree = "<group>";
		};
		4E85863316CA52F000ABBD49 /* lib */ = {
			isa = PBXGroup;
			children = (
				4E85863416CA52F000ABBD49 /* leap */,
			);
			path = lib;
			sourceTree = "<group>";
		};
		4E85863416CA52F000ABBD49 /* leap */ = {
			isa = PBXGroup;
			children = (
				4E85863516CA52F000ABBD49 /* libc++ */,
				4E85863716CA52F000ABBD49 /* libLeap.dylib */,
			);
			path = leap;
			sourceTree = "<group>";
		};
		4E85863516CA52F000ABBD49 /* libc++ */ = {
			isa = PBXGroup;
			children = (
				4E85863616CA52F000ABBD49 /* libLeap.dylib */,
			);
			path = "libc++";
			sourceTree = "<group>";
		};
/* End PBXGroup section */

/* Begin PBXNativeTarget section */
		1394A1FE16B72AD000192439 /* OSXGestureControl */ = {
			isa = PBXNativeTarget;
			buildConfigurationList = 1394A23116B72AD000192439 /* Build configuration list for PBXNativeTarget "OSXGestureControl" */;
			buildPhases = (
				1394A1FB16B72AD000192439 /* Sources */,
				1394A1FC16B72AD000192439 /* Frameworks */,
				1394A1FD16B72AD000192439 /* Resources */,
				4E85863B16CA530300ABBD49 /* ShellScript */,
			);
			buildRules = (
			);
			dependencies = (
			);
			name = OSXGestureControl;
			productName = GestureController;
			productReference = 1394A1FF16B72AD000192439 /* OSXGestureControl.app */;
			productType = "com.apple.product-type.application";
		};
/* End PBXNativeTarget section */

/* Begin PBXProject section */
		1394A1F616B72AD000192439 /* Project object */ = {
			isa = PBXProject;
			attributes = {
				LastUpgradeCheck = 0450;
				ORGANIZATIONNAME = "Chris Willingham";
			};
			buildConfigurationList = 1394A1F916B72AD000192439 /* Build configuration list for PBXProject "OSXGestureControl" */;
			compatibilityVersion = "Xcode 3.2";
			developmentRegion = English;
			hasScannedForEncodings = 0;
			knownRegions = (
				en,
			);
			mainGroup = 1394A1F416B72AD000192439;
			productRefGroup = 1394A20016B72AD000192439 /* Products */;
			projectDirPath = "";
			projectRoot = "";
			targets = (
				1394A1FE16B72AD000192439 /* OSXGestureControl */,
			);
		};
/* End PBXProject section */

/* Begin PBXResourcesBuildPhase section */
		1394A1FD16B72AD000192439 /* Resources */ = {
			isa = PBXResourcesBuildPhase;
			buildActionMask = 2147483647;
			files = (
				4E85863A16CA52FF00ABBD49 /* libLeap.dylib in Resources */,
				1394A20E16B72AD000192439 /* InfoPlist.strings in Resources */,
				1394A21416B72AD000192439 /* Credits.rtf in Resources */,
				1394A21A16B72AD000192439 /* MainMenu.xib in Resources */,
				13F4E47E16C06BB3008A816C /* hand.png in Resources */,
			);
			runOnlyForDeploymentPostprocessing = 0;
		};
/* End PBXResourcesBuildPhase section */

/* Begin PBXShellScriptBuildPhase section */
		4E85863B16CA530300ABBD49 /* ShellScript */ = {
			isa = PBXShellScriptBuildPhase;
			buildActionMask = 2147483647;
			files = (
			);
			inputPaths = (
			);
			outputPaths = (
			);
			runOnlyForDeploymentPostprocessing = 0;
			shellPath = /bin/sh;
			shellScript = "install_name_tool -change @loader_path/libLeap.dylib @executable_path/../Resources/libLeap.dylib ${BUILT_PRODUCTS_DIR}/${EXECUTABLE_PATH}";
		};
/* End PBXShellScriptBuildPhase section */

/* Begin PBXSourcesBuildPhase section */
		1394A1FB16B72AD000192439 /* Sources */ = {
			isa = PBXSourcesBuildPhase;
			buildActionMask = 2147483647;
			files = (
				1394A25516B732F800192439 /* GestureListener.m in Sources */,
				1394A21016B72AD000192439 /* main.m in Sources */,
				1394A21716B72AD000192439 /* AppDelegate.m in Sources */,
				1394A26416B84EA600192439 /* LeapObjectiveC.mm in Sources */,
				1394A26716B8577F00192439 /* Gesture.m in Sources */,
			);
			runOnlyForDeploymentPostprocessing = 0;
		};
/* End PBXSourcesBuildPhase section */

/* Begin PBXVariantGroup section */
		1394A20C16B72AD000192439 /* InfoPlist.strings */ = {
			isa = PBXVariantGroup;
			children = (
				1394A20D16B72AD000192439 /* en */,
			);
			name = InfoPlist.strings;
			sourceTree = "<group>";
		};
		1394A21216B72AD000192439 /* Credits.rtf */ = {
			isa = PBXVariantGroup;
			children = (
				1394A21316B72AD000192439 /* en */,
			);
			name = Credits.rtf;
			sourceTree = "<group>";
		};
		1394A21816B72AD000192439 /* MainMenu.xib */ = {
			isa = PBXVariantGroup;
			children = (
				1394A21916B72AD000192439 /* en */,
			);
			name = MainMenu.xib;
			path = GestureController;
			sourceTree = "<group>";
		};
/* End PBXVariantGroup section */

/* Begin XCBuildConfiguration section */
		1394A22F16B72AD000192439 /* Debug */ = {
			isa = XCBuildConfiguration;
			buildSettings = {
				ALWAYS_SEARCH_USER_PATHS = NO;
				ARCHS = "$(ARCHS_STANDARD_64_BIT)";
				CLANG_CXX_LANGUAGE_STANDARD = "gnu++0x";
				CLANG_CXX_LIBRARY = "libc++";
				CLANG_ENABLE_OBJC_ARC = YES;
				CLANG_WARN_EMPTY_BODY = YES;
				CLANG_WARN__DUPLICATE_METHOD_MATCH = YES;
				COPY_PHASE_STRIP = NO;
				GCC_C_LANGUAGE_STANDARD = gnu99;
				GCC_DYNAMIC_NO_PIC = NO;
				GCC_ENABLE_OBJC_EXCEPTIONS = YES;
				GCC_OPTIMIZATION_LEVEL = 0;
				GCC_PREPROCESSOR_DEFINITIONS = (
					"DEBUG=1",
					"$(inherited)",
				);
				GCC_SYMBOLS_PRIVATE_EXTERN = NO;
				GCC_WARN_64_TO_32_BIT_CONVERSION = YES;
				GCC_WARN_ABOUT_RETURN_TYPE = YES;
				GCC_WARN_UNINITIALIZED_AUTOS = YES;
				GCC_WARN_UNUSED_VARIABLE = YES;
				MACOSX_DEPLOYMENT_TARGET = 10.8;
				ONLY_ACTIVE_ARCH = YES;
				SDKROOT = macosx;
			};
			name = Debug;
		};
		1394A23016B72AD000192439 /* Release */ = {
			isa = XCBuildConfiguration;
			buildSettings = {
				ALWAYS_SEARCH_USER_PATHS = NO;
				ARCHS = "$(ARCHS_STANDARD_64_BIT)";
				CLANG_CXX_LANGUAGE_STANDARD = "gnu++0x";
				CLANG_CXX_LIBRARY = "libc++";
				CLANG_ENABLE_OBJC_ARC = YES;
				CLANG_WARN_EMPTY_BODY = YES;
				CLANG_WARN__DUPLICATE_METHOD_MATCH = YES;
				COPY_PHASE_STRIP = YES;
				DEBUG_INFORMATION_FORMAT = "dwarf-with-dsym";
				GCC_C_LANGUAGE_STANDARD = gnu99;
				GCC_ENABLE_OBJC_EXCEPTIONS = YES;
				GCC_WARN_64_TO_32_BIT_CONVERSION = YES;
				GCC_WARN_ABOUT_RETURN_TYPE = YES;
				GCC_WARN_UNINITIALIZED_AUTOS = YES;
				GCC_WARN_UNUSED_VARIABLE = YES;
				MACOSX_DEPLOYMENT_TARGET = 10.8;
				SDKROOT = macosx;
			};
			name = Release;
		};
		1394A23216B72AD000192439 /* Debug */ = {
			isa = XCBuildConfiguration;
			buildSettings = {
				CLANG_CXX_LIBRARY = "libstdc++";
				CLANG_ENABLE_OBJC_ARC = YES;
				COMBINE_HIDPI_IMAGES = YES;
				GCC_PRECOMPILE_PREFIX_HEADER = YES;
				GCC_PREFIX_HEADER = "GestureController/OSXGestureControl-Prefix.pch";
				INFOPLIST_FILE = "GestureController/OSXGestureControl-Info.plist";
				LIBRARY_SEARCH_PATHS = (
					"$(inherited)",
					"\"$(SRCROOT)\"",
					"$(SRCROOT)/lib/leap",
					"$(SRCROOT)/lib/leap/libc++",
				);
				MACOSX_DEPLOYMENT_TARGET = 10.8;
				PRODUCT_NAME = OSXGestureControl;
				WRAPPER_EXTENSION = app;
			};
			name = Debug;
		};
		1394A23316B72AD000192439 /* Release */ = {
			isa = XCBuildConfiguration;
			buildSettings = {
				CLANG_CXX_LIBRARY = "libstdc++";
				CLANG_ENABLE_OBJC_ARC = YES;
				COMBINE_HIDPI_IMAGES = YES;
				GCC_PRECOMPILE_PREFIX_HEADER = YES;
				GCC_PREFIX_HEADER = "GestureController/OSXGestureControl-Prefix.pch";
				INFOPLIST_FILE = "GestureController/OSXGestureControl-Info.plist";
				LIBRARY_SEARCH_PATHS = (
					"$(inherited)",
					"\"$(SRCROOT)\"",
					"$(SRCROOT)/lib/leap",
					"$(SRCROOT)/lib/leap/libc++",
				);
				MACOSX_DEPLOYMENT_TARGET = 10.8;
				PRODUCT_NAME = OSXGestureControl;
				WRAPPER_EXTENSION = app;
			};
			name = Release;
		};
/* End XCBuildConfiguration section */

/* Begin XCConfigurationList section */
		1394A1F916B72AD000192439 /* Build configuration list for PBXProject "OSXGestureControl" */ = {
			isa = XCConfigurationList;
			buildConfigurations = (
				1394A22F16B72AD000192439 /* Debug */,
				1394A23016B72AD000192439 /* Release */,
			);
			defaultConfigurationIsVisible = 0;
			defaultConfigurationName = Release;
		};
		1394A23116B72AD000192439 /* Build configuration list for PBXNativeTarget "OSXGestureControl" */ = {
			isa = XCConfigurationList;
			buildConfigurations = (
				1394A23216B72AD000192439 /* Debug */,
				1394A23316B72AD000192439 /* Release */,
			);
			defaultConfigurationIsVisible = 0;
			defaultConfigurationName = Release;
		};
/* End XCConfigurationList section */
	};
	rootObject = 1394A1F616B72AD000192439 /* Project object */;
}
